
Microsoft Visual Studio Solution File, Format Version 12.00
# Visual Studio 15
VisualStudioVersion = 15.0.28307.1267
MinimumVisualStudioVersion = 10.0.40219.1
Project("{8BC9CEB8-8B4A-11D0-8D11-00A0C91BC942}") = "OOPS_Acccount", "OOPS_Acccount\OOPS_Acccount.vcxproj", "{72ECC84E-24AA-4DB1-9D2D-699CA93AE791}"
EndProject
Global
	GlobalSection(SolutionConfigurationPlatforms) = preSolution
		Debug|x64 = Debug|x64
		Debug|x86 = Debug|x86
		Release|x64 = Release|x64
		Release|x86 = Release|x86
	EndGlobalSection
	GlobalSection(ProjectConfigurationPlatforms) = postSolution
		{72ECC84E-24AA-4DB1-9D2D-699CA93AE791}.Debug|x64.ActiveCfg = Debug|x64
		{72ECC84E-24AA-4DB1-9D2D-699CA93AE791}.Debug|x64.Build.0 = Debug|x64
		{72ECC84E-24AA-4DB1-9D2D-699CA93AE791}.Debug|x86.ActiveCfg = Debug|Win32
		{72ECC84E-24AA-4DB1-9D2D-699CA93AE791}.Debug|x86.Build.0 = Debug|Win32
		{72ECC84E-24AA-4DB1-9D2D-699CA93AE791}.Release|x64.ActiveCfg = Release|x64
		{72ECC84E-24AA-4DB1-9D2D-699CA93AE791}.Release|x64.Build.0 = Release|x64
		{72ECC84E-24AA-4DB1-9D2D-699CA93AE791}.Release|x86.ActiveCfg = Release|Win32
		{72ECC84E-24AA-4DB1-9D2D-699CA93AE791}.Release|x86.Build.0 = Release|Win32
	EndGlobalSection
	GlobalSection(SolutionProperties) = preSolution
		HideSolutionNode = FALSE
	EndGlobalSection
	GlobalSection(ExtensibilityGlobals) = postSolution
		SolutionGuid = {937015C7-90E8-417F-B9C7-81828934AB3E}
	EndGlobalSection
EndGlobal
